
Microsoft Visual Studio Solution File, Format Version 12.00
# Visual Studio 2013
VisualStudioVersion = 12.0.40629.0
MinimumVisualStudioVersion = 10.0.40219.1
Project("{FAE04EC0-301F-11D3-BF4B-00C04F79EFBC}") = "EsAws.WebApi", "EsAws.WebApi\EsAws.WebApi.csproj", "{46A95553-B490-4981-AD98-9B3C411004AA}"
EndProject
Project("{FAE04EC0-301F-11D3-BF4B-00C04F79EFBC}") = "EsAws.Uploader", "EsAws.Uploader\EsAws.Uploader.csproj", "{3C01F786-5099-4297-BED0-59F93A084A95}"
EndProject
Global
	GlobalSection(SolutionConfigurationPlatforms) = preSolution
		Debug|Any CPU = Debug|Any CPU
		Release|Any CPU = Release|Any CPU
	EndGlobalSection
	GlobalSection(ProjectConfigurationPlatforms) = postSolution
		{46A95553-B490-4981-AD98-9B3C411004AA}.Debug|Any CPU.ActiveCfg = Debug|Any CPU
		{46A95553-B490-4981-AD98-9B3C411004AA}.Debug|Any CPU.Build.0 = Debug|Any CPU
		{46A95553-B490-4981-AD98-9B3C411004AA}.Release|Any CPU.ActiveCfg = Release|Any CPU
		{46A95553-B490-4981-AD98-9B3C411004AA}.Release|Any CPU.Build.0 = Release|Any CPU
		{3C01F786-5099-4297-BED0-59F93A084A95}.Debug|Any CPU.ActiveCfg = Debug|Any CPU
		{3C01F786-5099-4297-BED0-59F93A084A95}.Debug|Any CPU.Build.0 = Debug|Any CPU
		{3C01F786-5099-4297-BED0-59F93A084A95}.Release|Any CPU.ActiveCfg = Release|Any CPU
		{3C01F786-5099-4297-BED0-59F93A084A95}.Release|Any CPU.Build.0 = Release|Any CPU
	EndGlobalSection
	GlobalSection(SolutionProperties) = preSolution
		HideSolutionNode = FALSE
	EndGlobalSection
EndGlobal
